
Microsoft Visual Studio Solution File, Format Version 12.00
# Visual Studio Version 16
VisualStudioVersion = 16.0.30413.136
MinimumVisualStudioVersion = 10.0.40219.1
Project("{9A19103F-16F7-4668-BE54-9A1E7A4F7556}") = "MpStream", "Source\MpStream\MpStream.csproj", "{734D94DD-9724-435D-800D-66BC10765083}"
EndProject
Project("{9A19103F-16F7-4668-BE54-9A1E7A4F7556}") = "MpStream.TypeScript", "Source\MpStream.TypeScript\MpStream.TypeScript.csproj", "{5025F0CF-5199-4702-8999-19C008854998}"
EndProject
Global
	GlobalSection(SolutionConfigurationPlatforms) = preSolution
		Debug|Any CPU = Debug|Any CPU
		Release|Any CPU = Release|Any CPU
	EndGlobalSection
	GlobalSection(ProjectConfigurationPlatforms) = postSolution
		{734D94DD-9724-435D-800D-66BC10765083}.Debug|Any CPU.ActiveCfg = Debug|Any CPU
		{734D94DD-9724-435D-800D-66BC10765083}.Debug|Any CPU.Build.0 = Debug|Any CPU
		{734D94DD-9724-435D-800D-66BC10765083}.Release|Any CPU.ActiveCfg = Release|Any CPU
		{734D94DD-9724-435D-800D-66BC10765083}.Release|Any CPU.Build.0 = Release|Any CPU
		{5025F0CF-5199-4702-8999-19C008854998}.Debug|Any CPU.ActiveCfg = Debug|Any CPU
		{5025F0CF-5199-4702-8999-19C008854998}.Debug|Any CPU.Build.0 = Debug|Any CPU
		{5025F0CF-5199-4702-8999-19C008854998}.Release|Any CPU.ActiveCfg = Release|Any CPU
		{5025F0CF-5199-4702-8999-19C008854998}.Release|Any CPU.Build.0 = Release|Any CPU
	EndGlobalSection
	GlobalSection(SolutionProperties) = preSolution
		HideSolutionNode = FALSE
	EndGlobalSection
	GlobalSection(ExtensibilityGlobals) = postSolution
		SolutionGuid = {79725AF3-26C5-45B4-B4A7-8E1723091F69}
	EndGlobalSection
EndGlobal
